
Microsoft Visual Studio Solution File, Format Version 12.00
# Visual Studio 14
VisualStudioVersion = 14.0.25123.0
MinimumVisualStudioVersion = 10.0.40219.1
Project("{FAE04EC0-301F-11D3-BF4B-00C04F79EFBC}") = "dalili-iraq", "dalili-iraq\dalili-iraq.csproj", "{E65D8E36-FDC1-4038-89CC-3824C8276D57}"
EndProject
Global
	GlobalSection(SolutionConfigurationPlatforms) = preSolution
		Debug|Any CPU = Debug|Any CPU
		Release|Any CPU = Release|Any CPU
	EndGlobalSection
	GlobalSection(ProjectConfigurationPlatforms) = postSolution
		{E65D8E36-FDC1-4038-89CC-3824C8276D57}.Debug|Any CPU.ActiveCfg = Debug|Any CPU
		{E65D8E36-FDC1-4038-89CC-3824C8276D57}.Debug|Any CPU.Build.0 = Debug|Any CPU
		{E65D8E36-FDC1-4038-89CC-3824C8276D57}.Debug|Any CPU.Deploy.0 = Debug|Any CPU
		{E65D8E36-FDC1-4038-89CC-3824C8276D57}.Release|Any CPU.ActiveCfg = Release|Any CPU
		{E65D8E36-FDC1-4038-89CC-3824C8276D57}.Release|Any CPU.Build.0 = Release|Any CPU
		{E65D8E36-FDC1-4038-89CC-3824C8276D57}.Release|Any CPU.Deploy.0 = Release|Any CPU
	EndGlobalSection
	GlobalSection(SolutionProperties) = preSolution
		HideSolutionNode = FALSE
	EndGlobalSection
EndGlobal
